
Microsoft Visual Studio Solution File, Format Version 12.00
# Visual Studio 15
VisualStudioVersion = 15.0.27428.1
MinimumVisualStudioVersion = 10.0.40219.1
Project("{FAE04EC0-301F-11D3-BF4B-00C04F79EFBC}") = "WebApplication2", "WebApplication2\WebApplication2.csproj", "{B2425E17-013D-4D5B-AD8C-B988EC06F0C5}"
EndProject
Global
	GlobalSection(SolutionConfigurationPlatforms) = preSolution
		Debug|Any CPU = Debug|Any CPU
		Release|Any CPU = Release|Any CPU
	EndGlobalSection
	GlobalSection(ProjectConfigurationPlatforms) = postSolution
		{B2425E17-013D-4D5B-AD8C-B988EC06F0C5}.Debug|Any CPU.ActiveCfg = Debug|Any CPU
		{B2425E17-013D-4D5B-AD8C-B988EC06F0C5}.Debug|Any CPU.Build.0 = Debug|Any CPU
		{B2425E17-013D-4D5B-AD8C-B988EC06F0C5}.Release|Any CPU.ActiveCfg = Release|Any CPU
		{B2425E17-013D-4D5B-AD8C-B988EC06F0C5}.Release|Any CPU.Build.0 = Release|Any CPU
	EndGlobalSection
	GlobalSection(SolutionProperties) = preSolution
		HideSolutionNode = FALSE
	EndGlobalSection
	GlobalSection(ExtensibilityGlobals) = postSolution
		SolutionGuid = {C1E0EE6C-4919-481C-A886-58C6BCA18109}
	EndGlobalSection
EndGlobal
